{
  "object": {
    "pins": [
      {
        "package": "RouteComposer",
        "repositoryURL": "https://github.com/ekazaev/route-composer.git",
        "state": {
          "branch": null,
          "revision": "56acdd3edb110b9400771aa961fa4866d2b6441b",
          "version": "2.6.4"
        }
      },
      {
        "package": "SnapKit",
        "repositoryURL": "https://github.com/SnapKit/SnapKit.git",
        "state": {
          "branch": null,
          "revision": "d458564516e5676af9c70b4f4b2a9178294f1bc6",
          "version": "5.0.1"
        }
      }
    ]
  },
  "version": 1
}
