// !$*UTF8*$!
{
	archiveVersion = 1;
	classes = {
	};
	objectVersion = 50;
	objects = {

/* Begin PBXBuildFile section */
		BABCFE812579BDD800D8BC7A /* AppDelegate.swift in Sources */ = {isa = PBXBuildFile; fileRef = BABCFE802579BDD800D8BC7A /* AppDelegate.swift */; };
		BABCFE832579BDD800D8BC7A /* SceneDelegate.swift in Sources */ = {isa = PBXBuildFile; fileRef = BABCFE822579BDD800D8BC7A /* SceneDelegate.swift */; };
		BABCFE852579BDD800D8BC7A /* ExampleListViewController.swift in Sources */ = {isa = PBXBuildFile; fileRef = BABCFE842579BDD800D8BC7A /* ExampleListViewController.swift */; };
		BABCFE8A2579BDDB00D8BC7A /* Assets.xcassets in Resources */ = {isa = PBXBuildFile; fileRef = BABCFE892579BDDB00D8BC7A /* Assets.xcassets */; };
		BABCFE8D2579BDDB00D8BC7A /* LaunchScreen.storyboard in Resources */ = {isa = PBXBuildFile; fileRef = BABCFE8B2579BDDB00D8BC7A /* LaunchScreen.storyboard */; };
		BABCFEA42579C1C200D8BC7A /* ExampleListTableViewSection.swift in Sources */ = {isa = PBXBuildFile; fileRef = BABCFEA32579C1C200D8BC7A /* ExampleListTableViewSection.swift */; };
		BABCFEA72579C1ED00D8BC7A /* ExampleListTableViewItem.swift in Sources */ = {isa = PBXBuildFile; fileRef = BABCFEA62579C1ED00D8BC7A /* ExampleListTableViewItem.swift */; };
		BABCFEAB2579C2E400D8BC7A /* UITableView.swift in Sources */ = {isa = PBXBuildFile; fileRef = BABCFEAA2579C2E400D8BC7A /* UITableView.swift */; };
		BABCFEB02579C41500D8BC7A /* ExampleListViewModel.swift in Sources */ = {isa = PBXBuildFile; fileRef = BABCFEAF2579C41500D8BC7A /* ExampleListViewModel.swift */; };
/* End PBXBuildFile section */

/* Begin PBXFileReference section */
		BABCFE7D2579BDD800D8BC7A /* MVVMCombineImplementation.app */ = {isa = PBXFileReference; explicitFileType = wrapper.application; includeInIndex = 0; path = MVVMCombineImplementation.app; sourceTree = BUILT_PRODUCTS_DIR; };
		BABCFE802579BDD800D8BC7A /* AppDelegate.swift */ = {isa = PBXFileReference; lastKnownFileType = sourcecode.swift; path = AppDelegate.swift; sourceTree = "<group>"; };
		BABCFE822579BDD800D8BC7A /* SceneDelegate.swift */ = {isa = PBXFileReference; lastKnownFileType = sourcecode.swift; path = SceneDelegate.swift; sourceTree = "<group>"; };
		BABCFE842579BDD800D8BC7A /* ExampleListViewController.swift */ = {isa = PBXFileReference; lastKnownFileType = sourcecode.swift; path = ExampleListViewController.swift; sourceTree = "<group>"; };
		BABCFE892579BDDB00D8BC7A /* Assets.xcassets */ = {isa = PBXFileReference; lastKnownFileType = folder.assetcatalog; path = Assets.xcassets; sourceTree = "<group>"; };
		BABCFE8C2579BDDB00D8BC7A /* Base */ = {isa = PBXFileReference; lastKnownFileType = file.storyboard; name = Base; path = Base.lproj/LaunchScreen.storyboard; sourceTree = "<group>"; };
		BABCFE8E2579BDDB00D8BC7A /* Info.plist */ = {isa = PBXFileReference; lastKnownFileType = text.plist.xml; path = Info.plist; sourceTree = "<group>"; };
		BABCFEA32579C1C200D8BC7A /* ExampleListTableViewSection.swift */ = {isa = PBXFileReference; lastKnownFileType = sourcecode.swift; path = ExampleListTableViewSection.swift; sourceTree = "<group>"; };
		BABCFEA62579C1ED00D8BC7A /* ExampleListTableViewItem.swift */ = {isa = PBXFileReference; lastKnownFileType = sourcecode.swift; path = ExampleListTableViewItem.swift; sourceTree = "<group>"; };
		BABCFEAA2579C2E400D8BC7A /* UITableView.swift */ = {isa = PBXFileReference; lastKnownFileType = sourcecode.swift; path = UITableView.swift; sourceTree = "<group>"; };
		BABCFEAF2579C41500D8BC7A /* ExampleListViewModel.swift */ = {isa = PBXFileReference; lastKnownFileType = sourcecode.swift; path = ExampleListViewModel.swift; sourceTree = "<group>"; };
/* End PBXFileReference section */

/* Begin PBXFrameworksBuildPhase section */
		BABCFE7A2579BDD800D8BC7A /* Frameworks */ = {
			isa = PBXFrameworksBuildPhase;
			buildActionMask = 2147483647;
			files = (
			);
			runOnlyForDeploymentPostprocessing = 0;
		};
/* End PBXFrameworksBuildPhase section */

/* Begin PBXGroup section */
		BABCFE742579BDD800D8BC7A = {
			isa = PBXGroup;
			children = (
				BABCFE7F2579BDD800D8BC7A /* MVVMCombineImplementation */,
				BABCFE7E2579BDD800D8BC7A /* Products */,
			);
			sourceTree = "<group>";
		};
		BABCFE7E2579BDD800D8BC7A /* Products */ = {
			isa = PBXGroup;
			children = (
				BABCFE7D2579BDD800D8BC7A /* MVVMCombineImplementation.app */,
			);
			name = Products;
			sourceTree = "<group>";
		};
		BABCFE7F2579BDD800D8BC7A /* MVVMCombineImplementation */ = {
			isa = PBXGroup;
			children = (
				BABCFE802579BDD800D8BC7A /* AppDelegate.swift */,
				BABCFE822579BDD800D8BC7A /* SceneDelegate.swift */,
				BABCFE9F2579C15D00D8BC7A /* Screens */,
				BABCFE972579BEFF00D8BC7A /* Resources */,
				BABCFEA92579C2C100D8BC7A /* Extensions */,
			);
			path = MVVMCombineImplementation;
			sourceTree = "<group>";
		};
		BABCFE972579BEFF00D8BC7A /* Resources */ = {
			isa = PBXGroup;
			children = (
				BABCFE892579BDDB00D8BC7A /* Assets.xcassets */,
				BABCFE8B2579BDDB00D8BC7A /* LaunchScreen.storyboard */,
				BABCFE8E2579BDDB00D8BC7A /* Info.plist */,
			);
			path = Resources;
			sourceTree = "<group>";
		};
		BABCFE9F2579C15D00D8BC7A /* Screens */ = {
			isa = PBXGroup;
			children = (
				BABCFEA02579C16F00D8BC7A /* ExampleList */,
			);
			path = Screens;
			sourceTree = "<group>";
		};
		BABCFEA02579C16F00D8BC7A /* ExampleList */ = {
			isa = PBXGroup;
			children = (
				BABCFEA22579C17F00D8BC7A /* Entities */,
				BABCFEAE2579C40000D8BC7A /* ViewModel */,
				BABCFEA12579C17900D8BC7A /* View */,
			);
			path = ExampleList;
			sourceTree = "<group>";
		};
		BABCFEA12579C17900D8BC7A /* View */ = {
			isa = PBXGroup;
			children = (
				BABCFE842579BDD800D8BC7A /* ExampleListViewController.swift */,
			);
			path = View;
			sourceTree = "<group>";
		};
		BABCFEA22579C17F00D8BC7A /* Entities */ = {
			isa = PBXGroup;
			children = (
				BABCFEA32579C1C200D8BC7A /* ExampleListTableViewSection.swift */,
				BABCFEA62579C1ED00D8BC7A /* ExampleListTableViewItem.swift */,
			);
			path = Entities;
			sourceTree = "<group>";
		};
		BABCFEA92579C2C100D8BC7A /* Extensions */ = {
			isa = PBXGroup;
			children = (
				BABCFEAA2579C2E400D8BC7A /* UITableView.swift */,
			);
			path = Extensions;
			sourceTree = "<group>";
		};
		BABCFEAE2579C40000D8BC7A /* ViewModel */ = {
			isa = PBXGroup;
			children = (
				BABCFEAF2579C41500D8BC7A /* ExampleListViewModel.swift */,
			);
			path = ViewModel;
			sourceTree = "<group>";
		};
/* End PBXGroup section */

/* Begin PBXNativeTarget section */
		BABCFE7C2579BDD800D8BC7A /* MVVMCombineImplementation */ = {
			isa = PBXNativeTarget;
			buildConfigurationList = BABCFE912579BDDB00D8BC7A /* Build configuration list for PBXNativeTarget "MVVMCombineImplementation" */;
			buildPhases = (
				BABCFE792579BDD800D8BC7A /* Sources */,
				BABCFE7A2579BDD800D8BC7A /* Frameworks */,
				BABCFE7B2579BDD800D8BC7A /* Resources */,
			);
			buildRules = (
			);
			dependencies = (
			);
			name = MVVMCombineImplementation;
			productName = MVPImplementation;
			productReference = BABCFE7D2579BDD800D8BC7A /* MVVMCombineImplementation.app */;
			productType = "com.apple.product-type.application";
		};
/* End PBXNativeTarget section */

/* Begin PBXProject section */
		BABCFE752579BDD800D8BC7A /* Project object */ = {
			isa = PBXProject;
			attributes = {
				LastSwiftUpdateCheck = 1220;
				LastUpgradeCheck = 1220;
				TargetAttributes = {
					BABCFE7C2579BDD800D8BC7A = {
						CreatedOnToolsVersion = 12.2;
					};
				};
			};
			buildConfigurationList = BABCFE782579BDD800D8BC7A /* Build configuration list for PBXProject "MVVMCombineImplementation" */;
			compatibilityVersion = "Xcode 9.3";
			developmentRegion = en;
			hasScannedForEncodings = 0;
			knownRegions = (
				en,
				Base,
			);
			mainGroup = BABCFE742579BDD800D8BC7A;
			productRefGroup = BABCFE7E2579BDD800D8BC7A /* Products */;
			projectDirPath = "";
			projectRoot = "";
			targets = (
				BABCFE7C2579BDD800D8BC7A /* MVVMCombineImplementation */,
			);
		};
/* End PBXProject section */

/* Begin PBXResourcesBuildPhase section */
		BABCFE7B2579BDD800D8BC7A /* Resources */ = {
			isa = PBXResourcesBuildPhase;
			buildActionMask = 2147483647;
			files = (
				BABCFE8D2579BDDB00D8BC7A /* LaunchScreen.storyboard in Resources */,
				BABCFE8A2579BDDB00D8BC7A /* Assets.xcassets in Resources */,
			);
			runOnlyForDeploymentPostprocessing = 0;
		};
/* End PBXResourcesBuildPhase section */

/* Begin PBXSourcesBuildPhase section */
		BABCFE792579BDD800D8BC7A /* Sources */ = {
			isa = PBXSourcesBuildPhase;
			buildActionMask = 2147483647;
			files = (
				BABCFEA42579C1C200D8BC7A /* ExampleListTableViewSection.swift in Sources */,
				BABCFEA72579C1ED00D8BC7A /* ExampleListTableViewItem.swift in Sources */,
				BABCFE852579BDD800D8BC7A /* ExampleListViewController.swift in Sources */,
				BABCFE812579BDD800D8BC7A /* AppDelegate.swift in Sources */,
				BABCFEB02579C41500D8BC7A /* ExampleListViewModel.swift in Sources */,
				BABCFE832579BDD800D8BC7A /* SceneDelegate.swift in Sources */,
				BABCFEAB2579C2E400D8BC7A /* UITableView.swift in Sources */,
			);
			runOnlyForDeploymentPostprocessing = 0;
		};
/* End PBXSourcesBuildPhase section */

/* Begin PBXVariantGroup section */
		BABCFE8B2579BDDB00D8BC7A /* LaunchScreen.storyboard */ = {
			isa = PBXVariantGroup;
			children = (
				BABCFE8C2579BDDB00D8BC7A /* Base */,
			);
			name = LaunchScreen.storyboard;
			sourceTree = "<group>";
		};
/* End PBXVariantGroup section */

/* Begin XCBuildConfiguration section */
		BABCFE8F2579BDDB00D8BC7A /* Debug */ = {
			isa = XCBuildConfiguration;
			buildSettings = {
				ALWAYS_SEARCH_USER_PATHS = NO;
				CLANG_ANALYZER_NONNULL = YES;
				CLANG_ANALYZER_NUMBER_OBJECT_CONVERSION = YES_AGGRESSIVE;
				CLANG_CXX_LANGUAGE_STANDARD = "gnu++14";
				CLANG_CXX_LIBRARY = "libc++";
				CLANG_ENABLE_MODULES = YES;
				CLANG_ENABLE_OBJC_ARC = YES;
				CLANG_ENABLE_OBJC_WEAK = YES;
				CLANG_WARN_BLOCK_CAPTURE_AUTORELEASING = YES;
				CLANG_WARN_BOOL_CONVERSION = YES;
				CLANG_WARN_COMMA = YES;
				CLANG_WARN_CONSTANT_CONVERSION = YES;
				CLANG_WARN_DEPRECATED_OBJC_IMPLEMENTATIONS = YES;
				CLANG_WARN_DIRECT_OBJC_ISA_USAGE = YES_ERROR;
				CLANG_WARN_DOCUMENTATION_COMMENTS = YES;
				CLANG_WARN_EMPTY_BODY = YES;
				CLANG_WARN_ENUM_CONVERSION = YES;
				CLANG_WARN_INFINITE_RECURSION = YES;
				CLANG_WARN_INT_CONVERSION = YES;
				CLANG_WARN_NON_LITERAL_NULL_CONVERSION = YES;
				CLANG_WARN_OBJC_IMPLICIT_RETAIN_SELF = YES;
				CLANG_WARN_OBJC_LITERAL_CONVERSION = YES;
				CLANG_WARN_OBJC_ROOT_CLASS = YES_ERROR;
				CLANG_WARN_QUOTED_INCLUDE_IN_FRAMEWORK_HEADER = YES;
				CLANG_WARN_RANGE_LOOP_ANALYSIS = YES;
				CLANG_WARN_STRICT_PROTOTYPES = YES;
				CLANG_WARN_SUSPICIOUS_MOVE = YES;
				CLANG_WARN_UNGUARDED_AVAILABILITY = YES_AGGRESSIVE;
				CLANG_WARN_UNREACHABLE_CODE = YES;
				CLANG_WARN__DUPLICATE_METHOD_MATCH = YES;
				COPY_PHASE_STRIP = NO;
				DEBUG_INFORMATION_FORMAT = dwarf;
				ENABLE_STRICT_OBJC_MSGSEND = YES;
				ENABLE_TESTABILITY = YES;
				GCC_C_LANGUAGE_STANDARD = gnu11;
				GCC_DYNAMIC_NO_PIC = NO;
				GCC_NO_COMMON_BLOCKS = YES;
				GCC_OPTIMIZATION_LEVEL = 0;
				GCC_PREPROCESSOR_DEFINITIONS = (
					"DEBUG=1",
					"$(inherited)",
				);
				GCC_WARN_64_TO_32_BIT_CONVERSION = YES;
				GCC_WARN_ABOUT_RETURN_TYPE = YES_ERROR;
				GCC_WARN_UNDECLARED_SELECTOR = YES;
				GCC_WARN_UNINITIALIZED_AUTOS = YES_AGGRESSIVE;
				GCC_WARN_UNUSED_FUNCTION = YES;
				GCC_WARN_UNUSED_VARIABLE = YES;
				IPHONEOS_DEPLOYMENT_TARGET = 13.0;
				MTL_ENABLE_DEBUG_INFO = INCLUDE_SOURCE;
				MTL_FAST_MATH = YES;
				ONLY_ACTIVE_ARCH = YES;
				SDKROOT = iphoneos;
				SWIFT_ACTIVE_COMPILATION_CONDITIONS = DEBUG;
				SWIFT_OPTIMIZATION_LEVEL = "-Onone";
			};
			name = Debug;
		};
		BABCFE902579BDDB00D8BC7A /* Release */ = {
			isa = XCBuildConfiguration;
			buildSettings = {
				ALWAYS_SEARCH_USER_PATHS = NO;
				CLANG_ANALYZER_NONNULL = YES;
				CLANG_ANALYZER_NUMBER_OBJECT_CONVERSION = YES_AGGRESSIVE;
				CLANG_CXX_LANGUAGE_STANDARD = "gnu++14";
				CLANG_CXX_LIBRARY = "libc++";
				CLANG_ENABLE_MODULES = YES;
				CLANG_ENABLE_OBJC_ARC = YES;
				CLANG_ENABLE_OBJC_WEAK = YES;
				CLANG_WARN_BLOCK_CAPTURE_AUTORELEASING = YES;
				CLANG_WARN_BOOL_CONVERSION = YES;
				CLANG_WARN_COMMA = YES;
				CLANG_WARN_CONSTANT_CONVERSION = YES;
				CLANG_WARN_DEPRECATED_OBJC_IMPLEMENTATIONS = YES;
				CLANG_WARN_DIRECT_OBJC_ISA_USAGE = YES_ERROR;
				CLANG_WARN_DOCUMENTATION_COMMENTS = YES;
				CLANG_WARN_EMPTY_BODY = YES;
				CLANG_WARN_ENUM_CONVERSION = YES;
				CLANG_WARN_INFINITE_RECURSION = YES;
				CLANG_WARN_INT_CONVERSION = YES;
				CLANG_WARN_NON_LITERAL_NULL_CONVERSION = YES;
				CLANG_WARN_OBJC_IMPLICIT_RETAIN_SELF = YES;
				CLANG_WARN_OBJC_LITERAL_CONVERSION = YES;
				CLANG_WARN_OBJC_ROOT_CLASS = YES_ERROR;
				CLANG_WARN_QUOTED_INCLUDE_IN_FRAMEWORK_HEADER = YES;
				CLANG_WARN_RANGE_LOOP_ANALYSIS = YES;
				CLANG_WARN_STRICT_PROTOTYPES = YES;
				CLANG_WARN_SUSPICIOUS_MOVE = YES;
				CLANG_WARN_UNGUARDED_AVAILABILITY = YES_AGGRESSIVE;
				CLANG_WARN_UNREACHABLE_CODE = YES;
				CLANG_WARN__DUPLICATE_METHOD_MATCH = YES;
				COPY_PHASE_STRIP = NO;
				DEBUG_INFORMATION_FORMAT = "dwarf-with-dsym";
				ENABLE_NS_ASSERTIONS = NO;
				ENABLE_STRICT_OBJC_MSGSEND = YES;
				GCC_C_LANGUAGE_STANDARD = gnu11;
				GCC_NO_COMMON_BLOCKS = YES;
				GCC_WARN_64_TO_32_BIT_CONVERSION = YES;
				GCC_WARN_ABOUT_RETURN_TYPE = YES_ERROR;
				GCC_WARN_UNDECLARED_SELECTOR = YES;
				GCC_WARN_UNINITIALIZED_AUTOS = YES_AGGRESSIVE;
				GCC_WARN_UNUSED_FUNCTION = YES;
				GCC_WARN_UNUSED_VARIABLE = YES;
				IPHONEOS_DEPLOYMENT_TARGET = 13.0;
				MTL_ENABLE_DEBUG_INFO = NO;
				MTL_FAST_MATH = YES;
				SDKROOT = iphoneos;
				SWIFT_COMPILATION_MODE = wholemodule;
				SWIFT_OPTIMIZATION_LEVEL = "-O";
				VALIDATE_PRODUCT = YES;
			};
			name = Release;
		};
		BABCFE922579BDDB00D8BC7A /* Debug */ = {
			isa = XCBuildConfiguration;
			buildSettings = {
				ASSETCATALOG_COMPILER_APPICON_NAME = AppIcon;
				ASSETCATALOG_COMPILER_GLOBAL_ACCENT_COLOR_NAME = AccentColor;
				CODE_SIGN_STYLE = Automatic;
				DEVELOPMENT_TEAM = XBZ7Y27PRA;
				INFOPLIST_FILE = MVVMCombineImplementation/Resources/Info.plist;
				LD_RUNPATH_SEARCH_PATHS = (
					"$(inherited)",
					"@executable_path/Frameworks",
				);
				PRODUCT_BUNDLE_IDENTIFIER = com.ooodin.MVVMCombineImplementation;
				PRODUCT_NAME = "$(TARGET_NAME)";
				SWIFT_VERSION = 5.0;
				TARGETED_DEVICE_FAMILY = "1,2";
			};
			name = Debug;
		};
		BABCFE932579BDDB00D8BC7A /* Release */ = {
			isa = XCBuildConfiguration;
			buildSettings = {
				ASSETCATALOG_COMPILER_APPICON_NAME = AppIcon;
				ASSETCATALOG_COMPILER_GLOBAL_ACCENT_COLOR_NAME = AccentColor;
				CODE_SIGN_STYLE = Automatic;
				DEVELOPMENT_TEAM = XBZ7Y27PRA;
				INFOPLIST_FILE = MVVMCombineImplementation/Resources/Info.plist;
				LD_RUNPATH_SEARCH_PATHS = (
					"$(inherited)",
					"@executable_path/Frameworks",
				);
				PRODUCT_BUNDLE_IDENTIFIER = com.ooodin.MVVMCombineImplementation;
				PRODUCT_NAME = "$(TARGET_NAME)";
				SWIFT_VERSION = 5.0;
				TARGETED_DEVICE_FAMILY = "1,2";
			};
			name = Release;
		};
/* End XCBuildConfiguration section */

/* Begin XCConfigurationList section */
		BABCFE782579BDD800D8BC7A /* Build configuration list for PBXProject "MVVMCombineImplementation" */ = {
			isa = XCConfigurationList;
			buildConfigurations = (
				BABCFE8F2579BDDB00D8BC7A /* Debug */,
				BABCFE902579BDDB00D8BC7A /* Release */,
			);
			defaultConfigurationIsVisible = 0;
			defaultConfigurationName = Release;
		};
		BABCFE912579BDDB00D8BC7A /* Build configuration list for PBXNativeTarget "MVVMCombineImplementation" */ = {
			isa = XCConfigurationList;
			buildConfigurations = (
				BABCFE922579BDDB00D8BC7A /* Debug */,
				BABCFE932579BDDB00D8BC7A /* Release */,
			);
			defaultConfigurationIsVisible = 0;
			defaultConfigurationName = Release;
		};
/* End XCConfigurationList section */
	};
	rootObject = BABCFE752579BDD800D8BC7A /* Project object */;
}
