// !$*UTF8*$!
{
	archiveVersion = 1;
	classes = {
	};
	objectVersion = 52;
	objects = {

/* Begin PBXBuildFile section */
		BA472AFD258081BC003DC07A /* ExamplesViewModel.swift in Sources */ = {isa = PBXBuildFile; fileRef = BA472AF7258081BC003DC07A /* ExamplesViewModel.swift */; };
		BA472AFE258081BC003DC07A /* ExamplesViewController.swift in Sources */ = {isa = PBXBuildFile; fileRef = BA472AF9258081BC003DC07A /* ExamplesViewController.swift */; };
		BA472AFF258081BC003DC07A /* ExamplesSectionItem.swift in Sources */ = {isa = PBXBuildFile; fileRef = BA472AFB258081BC003DC07A /* ExamplesSectionItem.swift */; };
		BA472B00258081BC003DC07A /* ExamplesCellItem.swift in Sources */ = {isa = PBXBuildFile; fileRef = BA472AFC258081BC003DC07A /* ExamplesCellItem.swift */; };
		BA472B0625808418003DC07A /* ExamplesAssembly.swift in Sources */ = {isa = PBXBuildFile; fileRef = BA472B0525808418003DC07A /* ExamplesAssembly.swift */; };
		BA472B1D258087A7003DC07A /* TableViewExample in Frameworks */ = {isa = PBXBuildFile; productRef = BA472B1C258087A7003DC07A /* TableViewExample */; };
		BA472B2B2581B0F8003DC07A /* CustomDataSourceAssembly.swift in Sources */ = {isa = PBXBuildFile; fileRef = BA472B2A2581B0F8003DC07A /* CustomDataSourceAssembly.swift */; };
		BA472B2E2581B111003DC07A /* CustomDataSourceCellItem.swift in Sources */ = {isa = PBXBuildFile; fileRef = BA472B2D2581B111003DC07A /* CustomDataSourceCellItem.swift */; };
		BA472B312581B11B003DC07A /* CustomDataSourceSection.swift in Sources */ = {isa = PBXBuildFile; fileRef = BA472B302581B11B003DC07A /* CustomDataSourceSection.swift */; };
		BA472B342581B125003DC07A /* CustomDataSourceViewModel.swift in Sources */ = {isa = PBXBuildFile; fileRef = BA472B332581B125003DC07A /* CustomDataSourceViewModel.swift */; };
		BA472B372581B137003DC07A /* CustomDataSourceViewController.swift in Sources */ = {isa = PBXBuildFile; fileRef = BA472B362581B137003DC07A /* CustomDataSourceViewController.swift */; };
		BA472B3A2581B2A9003DC07A /* CustomDataSource.swift in Sources */ = {isa = PBXBuildFile; fileRef = BA472B392581B2A9003DC07A /* CustomDataSource.swift */; };
		BA472B422581B93D003DC07A /* AnyService.swift in Sources */ = {isa = PBXBuildFile; fileRef = BA472B412581B93D003DC07A /* AnyService.swift */; };
		BA472B462581B993003DC07A /* AnyServiceModel.swift in Sources */ = {isa = PBXBuildFile; fileRef = BA472B452581B993003DC07A /* AnyServiceModel.swift */; };
		BA472B4A2581BA5E003DC07A /* Analytics.swift in Sources */ = {isa = PBXBuildFile; fileRef = BA472B492581BA5E003DC07A /* Analytics.swift */; };
		BA472B502581C195003DC07A /* RouteComposerStatic in Frameworks */ = {isa = PBXBuildFile; productRef = BA472B4F2581C195003DC07A /* RouteComposerStatic */; };
		BA472B552581C1AC003DC07A /* ConfigurationHolder.swift in Sources */ = {isa = PBXBuildFile; fileRef = BA472B542581C1AC003DC07A /* ConfigurationHolder.swift */; };
		BA472B592581C5A9003DC07A /* GenericContextTask.swift in Sources */ = {isa = PBXBuildFile; fileRef = BA472B582581C5A9003DC07A /* GenericContextTask.swift */; };
		BA472B5C2581CA70003DC07A /* UIViewController.swift in Sources */ = {isa = PBXBuildFile; fileRef = BA472B5B2581CA70003DC07A /* UIViewController.swift */; };
		BA472B5F2581CCC5003DC07A /* ExamplesFactory.swift in Sources */ = {isa = PBXBuildFile; fileRef = BA472B5E2581CCC5003DC07A /* ExamplesFactory.swift */; };
		BA472B632581CCF6003DC07A /* CustomDataSourceFactory.swift in Sources */ = {isa = PBXBuildFile; fileRef = BA472B622581CCF6003DC07A /* CustomDataSourceFactory.swift */; };
		BA472B672581D054003DC07A /* TableViewFactory.swift in Sources */ = {isa = PBXBuildFile; fileRef = BA472B662581D054003DC07A /* TableViewFactory.swift */; };
		BABCFE812579BDD800D8BC7A /* AppDelegate.swift in Sources */ = {isa = PBXBuildFile; fileRef = BABCFE802579BDD800D8BC7A /* AppDelegate.swift */; };
		BABCFE832579BDD800D8BC7A /* SceneDelegate.swift in Sources */ = {isa = PBXBuildFile; fileRef = BABCFE822579BDD800D8BC7A /* SceneDelegate.swift */; };
		BABCFE8A2579BDDB00D8BC7A /* Assets.xcassets in Resources */ = {isa = PBXBuildFile; fileRef = BABCFE892579BDDB00D8BC7A /* Assets.xcassets */; };
		BABCFE8D2579BDDB00D8BC7A /* LaunchScreen.storyboard in Resources */ = {isa = PBXBuildFile; fileRef = BABCFE8B2579BDDB00D8BC7A /* LaunchScreen.storyboard */; };
		BABCFEAB2579C2E400D8BC7A /* UITableView.swift in Sources */ = {isa = PBXBuildFile; fileRef = BABCFEAA2579C2E400D8BC7A /* UITableView.swift */; };
/* End PBXBuildFile section */

/* Begin PBXFileReference section */
		BA472AF7258081BC003DC07A /* ExamplesViewModel.swift */ = {isa = PBXFileReference; fileEncoding = 4; lastKnownFileType = sourcecode.swift; path = ExamplesViewModel.swift; sourceTree = "<group>"; };
		BA472AF9258081BC003DC07A /* ExamplesViewController.swift */ = {isa = PBXFileReference; fileEncoding = 4; lastKnownFileType = sourcecode.swift; path = ExamplesViewController.swift; sourceTree = "<group>"; };
		BA472AFB258081BC003DC07A /* ExamplesSectionItem.swift */ = {isa = PBXFileReference; fileEncoding = 4; lastKnownFileType = sourcecode.swift; path = ExamplesSectionItem.swift; sourceTree = "<group>"; };
		BA472AFC258081BC003DC07A /* ExamplesCellItem.swift */ = {isa = PBXFileReference; fileEncoding = 4; lastKnownFileType = sourcecode.swift; path = ExamplesCellItem.swift; sourceTree = "<group>"; };
		BA472B0525808418003DC07A /* ExamplesAssembly.swift */ = {isa = PBXFileReference; lastKnownFileType = sourcecode.swift; path = ExamplesAssembly.swift; sourceTree = "<group>"; };
		BA472B2A2581B0F8003DC07A /* CustomDataSourceAssembly.swift */ = {isa = PBXFileReference; lastKnownFileType = sourcecode.swift; path = CustomDataSourceAssembly.swift; sourceTree = "<group>"; };
		BA472B2D2581B111003DC07A /* CustomDataSourceCellItem.swift */ = {isa = PBXFileReference; lastKnownFileType = sourcecode.swift; path = CustomDataSourceCellItem.swift; sourceTree = "<group>"; };
		BA472B302581B11B003DC07A /* CustomDataSourceSection.swift */ = {isa = PBXFileReference; lastKnownFileType = sourcecode.swift; path = CustomDataSourceSection.swift; sourceTree = "<group>"; };
		BA472B332581B125003DC07A /* CustomDataSourceViewModel.swift */ = {isa = PBXFileReference; lastKnownFileType = sourcecode.swift; path = CustomDataSourceViewModel.swift; sourceTree = "<group>"; };
		BA472B362581B137003DC07A /* CustomDataSourceViewController.swift */ = {isa = PBXFileReference; lastKnownFileType = sourcecode.swift; path = CustomDataSourceViewController.swift; sourceTree = "<group>"; };
		BA472B392581B2A9003DC07A /* CustomDataSource.swift */ = {isa = PBXFileReference; lastKnownFileType = sourcecode.swift; path = CustomDataSource.swift; sourceTree = "<group>"; };
		BA472B412581B93D003DC07A /* AnyService.swift */ = {isa = PBXFileReference; lastKnownFileType = sourcecode.swift; path = AnyService.swift; sourceTree = "<group>"; };
		BA472B452581B993003DC07A /* AnyServiceModel.swift */ = {isa = PBXFileReference; lastKnownFileType = sourcecode.swift; path = AnyServiceModel.swift; sourceTree = "<group>"; };
		BA472B492581BA5E003DC07A /* Analytics.swift */ = {isa = PBXFileReference; lastKnownFileType = sourcecode.swift; path = Analytics.swift; sourceTree = "<group>"; };
		BA472B542581C1AC003DC07A /* ConfigurationHolder.swift */ = {isa = PBXFileReference; lastKnownFileType = sourcecode.swift; path = ConfigurationHolder.swift; sourceTree = "<group>"; };
		BA472B582581C5A9003DC07A /* GenericContextTask.swift */ = {isa = PBXFileReference; lastKnownFileType = sourcecode.swift; path = GenericContextTask.swift; sourceTree = "<group>"; };
		BA472B5B2581CA70003DC07A /* UIViewController.swift */ = {isa = PBXFileReference; lastKnownFileType = sourcecode.swift; path = UIViewController.swift; sourceTree = "<group>"; };
		BA472B5E2581CCC5003DC07A /* ExamplesFactory.swift */ = {isa = PBXFileReference; lastKnownFileType = sourcecode.swift; path = ExamplesFactory.swift; sourceTree = "<group>"; };
		BA472B622581CCF6003DC07A /* CustomDataSourceFactory.swift */ = {isa = PBXFileReference; lastKnownFileType = sourcecode.swift; path = CustomDataSourceFactory.swift; sourceTree = "<group>"; };
		BA472B662581D054003DC07A /* TableViewFactory.swift */ = {isa = PBXFileReference; lastKnownFileType = sourcecode.swift; path = TableViewFactory.swift; sourceTree = "<group>"; };
		BABCFE7D2579BDD800D8BC7A /* MVVMCombineImplementation.app */ = {isa = PBXFileReference; explicitFileType = wrapper.application; includeInIndex = 0; path = MVVMCombineImplementation.app; sourceTree = BUILT_PRODUCTS_DIR; };
		BABCFE802579BDD800D8BC7A /* AppDelegate.swift */ = {isa = PBXFileReference; lastKnownFileType = sourcecode.swift; path = AppDelegate.swift; sourceTree = "<group>"; };
		BABCFE822579BDD800D8BC7A /* SceneDelegate.swift */ = {isa = PBXFileReference; lastKnownFileType = sourcecode.swift; path = SceneDelegate.swift; sourceTree = "<group>"; };
		BABCFE892579BDDB00D8BC7A /* Assets.xcassets */ = {isa = PBXFileReference; lastKnownFileType = folder.assetcatalog; path = Assets.xcassets; sourceTree = "<group>"; };
		BABCFE8C2579BDDB00D8BC7A /* Base */ = {isa = PBXFileReference; lastKnownFileType = file.storyboard; name = Base; path = Base.lproj/LaunchScreen.storyboard; sourceTree = "<group>"; };
		BABCFE8E2579BDDB00D8BC7A /* Info.plist */ = {isa = PBXFileReference; lastKnownFileType = text.plist.xml; path = Info.plist; sourceTree = "<group>"; };
		BABCFEAA2579C2E400D8BC7A /* UITableView.swift */ = {isa = PBXFileReference; lastKnownFileType = sourcecode.swift; path = UITableView.swift; sourceTree = "<group>"; };
/* End PBXFileReference section */

/* Begin PBXFrameworksBuildPhase section */
		BABCFE7A2579BDD800D8BC7A /* Frameworks */ = {
			isa = PBXFrameworksBuildPhase;
			buildActionMask = 2147483647;
			files = (
				BA472B502581C195003DC07A /* RouteComposerStatic in Frameworks */,
				BA472B1D258087A7003DC07A /* TableViewExample in Frameworks */,
			);
			runOnlyForDeploymentPostprocessing = 0;
		};
/* End PBXFrameworksBuildPhase section */

/* Begin PBXGroup section */
		BA472ACC25807B1D003DC07A /* Frameworks */ = {
			isa = PBXGroup;
			children = (
			);
			name = Frameworks;
			sourceTree = "<group>";
		};
		BA472AF5258081BC003DC07A /* Examples */ = {
			isa = PBXGroup;
			children = (
				BA472B0325808403003DC07A /* Assembly */,
				BA472AFA258081BC003DC07A /* Entities */,
				BA472AF6258081BC003DC07A /* ViewModel */,
				BA472AF8258081BC003DC07A /* Controller */,
			);
			path = Examples;
			sourceTree = "<group>";
		};
		BA472AF6258081BC003DC07A /* ViewModel */ = {
			isa = PBXGroup;
			children = (
				BA472AF7258081BC003DC07A /* ExamplesViewModel.swift */,
			);
			path = ViewModel;
			sourceTree = "<group>";
		};
		BA472AF8258081BC003DC07A /* Controller */ = {
			isa = PBXGroup;
			children = (
				BA472AF9258081BC003DC07A /* ExamplesViewController.swift */,
			);
			path = Controller;
			sourceTree = "<group>";
		};
		BA472AFA258081BC003DC07A /* Entities */ = {
			isa = PBXGroup;
			children = (
				BA472AFB258081BC003DC07A /* ExamplesSectionItem.swift */,
				BA472AFC258081BC003DC07A /* ExamplesCellItem.swift */,
			);
			path = Entities;
			sourceTree = "<group>";
		};
		BA472B0325808403003DC07A /* Assembly */ = {
			isa = PBXGroup;
			children = (
				BA472B0525808418003DC07A /* ExamplesAssembly.swift */,
			);
			path = Assembly;
			sourceTree = "<group>";
		};
		BA472B242581B08C003DC07A /* CustomDataSource */ = {
			isa = PBXGroup;
			children = (
				BA472B252581B09E003DC07A /* Assembly */,
				BA472B282581B0B1003DC07A /* Entities */,
				BA472B262581B0A4003DC07A /* ViewModel */,
				BA472B272581B0AA003DC07A /* Controller */,
			);
			path = CustomDataSource;
			sourceTree = "<group>";
		};
		BA472B252581B09E003DC07A /* Assembly */ = {
			isa = PBXGroup;
			children = (
				BA472B2A2581B0F8003DC07A /* CustomDataSourceAssembly.swift */,
			);
			path = Assembly;
			sourceTree = "<group>";
		};
		BA472B262581B0A4003DC07A /* ViewModel */ = {
			isa = PBXGroup;
			children = (
				BA472B332581B125003DC07A /* CustomDataSourceViewModel.swift */,
			);
			path = ViewModel;
			sourceTree = "<group>";
		};
		BA472B272581B0AA003DC07A /* Controller */ = {
			isa = PBXGroup;
			children = (
				BA472B392581B2A9003DC07A /* CustomDataSource.swift */,
				BA472B362581B137003DC07A /* CustomDataSourceViewController.swift */,
			);
			path = Controller;
			sourceTree = "<group>";
		};
		BA472B282581B0B1003DC07A /* Entities */ = {
			isa = PBXGroup;
			children = (
				BA472B2D2581B111003DC07A /* CustomDataSourceCellItem.swift */,
				BA472B302581B11B003DC07A /* CustomDataSourceSection.swift */,
			);
			path = Entities;
			sourceTree = "<group>";
		};
		BA472B3D2581B909003DC07A /* Services */ = {
			isa = PBXGroup;
			children = (
				BA472B3F2581B914003DC07A /* AnyService */,
				BA472B3E2581B90E003DC07A /* Analytics */,
			);
			path = Services;
			sourceTree = "<group>";
		};
		BA472B3E2581B90E003DC07A /* Analytics */ = {
			isa = PBXGroup;
			children = (
				BA472B492581BA5E003DC07A /* Analytics.swift */,
			);
			path = Analytics;
			sourceTree = "<group>";
		};
		BA472B3F2581B914003DC07A /* AnyService */ = {
			isa = PBXGroup;
			children = (
				BA472B452581B993003DC07A /* AnyServiceModel.swift */,
				BA472B412581B93D003DC07A /* AnyService.swift */,
			);
			path = AnyService;
			sourceTree = "<group>";
		};
		BA472B522581C1A1003DC07A /* Routing */ = {
			isa = PBXGroup;
			children = (
				BA472B612581CCCA003DC07A /* Factories */,
				BA472B542581C1AC003DC07A /* ConfigurationHolder.swift */,
				BA472B582581C5A9003DC07A /* GenericContextTask.swift */,
			);
			path = Routing;
			sourceTree = "<group>";
		};
		BA472B612581CCCA003DC07A /* Factories */ = {
			isa = PBXGroup;
			children = (
				BA472B5E2581CCC5003DC07A /* ExamplesFactory.swift */,
				BA472B622581CCF6003DC07A /* CustomDataSourceFactory.swift */,
				BA472B662581D054003DC07A /* TableViewFactory.swift */,
			);
			path = Factories;
			sourceTree = "<group>";
		};
		BABCFE742579BDD800D8BC7A = {
			isa = PBXGroup;
			children = (
				BABCFE7F2579BDD800D8BC7A /* MVVMCombineImplementation */,
				BABCFE7E2579BDD800D8BC7A /* Products */,
				BA472ACC25807B1D003DC07A /* Frameworks */,
			);
			sourceTree = "<group>";
		};
		BABCFE7E2579BDD800D8BC7A /* Products */ = {
			isa = PBXGroup;
			children = (
				BABCFE7D2579BDD800D8BC7A /* MVVMCombineImplementation.app */,
			);
			name = Products;
			sourceTree = "<group>";
		};
		BABCFE7F2579BDD800D8BC7A /* MVVMCombineImplementation */ = {
			isa = PBXGroup;
			children = (
				BABCFE802579BDD800D8BC7A /* AppDelegate.swift */,
				BABCFE822579BDD800D8BC7A /* SceneDelegate.swift */,
				BA472B522581C1A1003DC07A /* Routing */,
				BABCFE9F2579C15D00D8BC7A /* Screens */,
				BA472B3D2581B909003DC07A /* Services */,
				BABCFE972579BEFF00D8BC7A /* Resources */,
				BABCFEA92579C2C100D8BC7A /* Extensions */,
			);
			path = MVVMCombineImplementation;
			sourceTree = "<group>";
		};
		BABCFE972579BEFF00D8BC7A /* Resources */ = {
			isa = PBXGroup;
			children = (
				BABCFE892579BDDB00D8BC7A /* Assets.xcassets */,
				BABCFE8B2579BDDB00D8BC7A /* LaunchScreen.storyboard */,
				BABCFE8E2579BDDB00D8BC7A /* Info.plist */,
			);
			path = Resources;
			sourceTree = "<group>";
		};
		BABCFE9F2579C15D00D8BC7A /* Screens */ = {
			isa = PBXGroup;
			children = (
				BA472AF5258081BC003DC07A /* Examples */,
				BA472B242581B08C003DC07A /* CustomDataSource */,
			);
			path = Screens;
			sourceTree = "<group>";
		};
		BABCFEA92579C2C100D8BC7A /* Extensions */ = {
			isa = PBXGroup;
			children = (
				BABCFEAA2579C2E400D8BC7A /* UITableView.swift */,
				BA472B5B2581CA70003DC07A /* UIViewController.swift */,
			);
			path = Extensions;
			sourceTree = "<group>";
		};
/* End PBXGroup section */

/* Begin PBXNativeTarget section */
		BABCFE7C2579BDD800D8BC7A /* MVVMCombineImplementation */ = {
			isa = PBXNativeTarget;
			buildConfigurationList = BABCFE912579BDDB00D8BC7A /* Build configuration list for PBXNativeTarget "MVVMCombineImplementation" */;
			buildPhases = (
				BABCFE792579BDD800D8BC7A /* Sources */,
				BABCFE7A2579BDD800D8BC7A /* Frameworks */,
				BABCFE7B2579BDD800D8BC7A /* Resources */,
			);
			buildRules = (
			);
			dependencies = (
			);
			name = MVVMCombineImplementation;
			packageProductDependencies = (
				BA472B1C258087A7003DC07A /* TableViewExample */,
				BA472B4F2581C195003DC07A /* RouteComposerStatic */,
			);
			productName = MVPImplementation;
			productReference = BABCFE7D2579BDD800D8BC7A /* MVVMCombineImplementation.app */;
			productType = "com.apple.product-type.application";
		};
/* End PBXNativeTarget section */

/* Begin PBXProject section */
		BABCFE752579BDD800D8BC7A /* Project object */ = {
			isa = PBXProject;
			attributes = {
				LastSwiftUpdateCheck = 1220;
				LastUpgradeCheck = 1220;
				TargetAttributes = {
					BABCFE7C2579BDD800D8BC7A = {
						CreatedOnToolsVersion = 12.2;
					};
				};
			};
			buildConfigurationList = BABCFE782579BDD800D8BC7A /* Build configuration list for PBXProject "MVVMCombineImplementation" */;
			compatibilityVersion = "Xcode 9.3";
			developmentRegion = en;
			hasScannedForEncodings = 0;
			knownRegions = (
				en,
				Base,
			);
			mainGroup = BABCFE742579BDD800D8BC7A;
			packageReferences = (
				BA472B4E2581C195003DC07A /* XCRemoteSwiftPackageReference "route-composer" */,
			);
			productRefGroup = BABCFE7E2579BDD800D8BC7A /* Products */;
			projectDirPath = "";
			projectRoot = "";
			targets = (
				BABCFE7C2579BDD800D8BC7A /* MVVMCombineImplementation */,
			);
		};
/* End PBXProject section */

/* Begin PBXResourcesBuildPhase section */
		BABCFE7B2579BDD800D8BC7A /* Resources */ = {
			isa = PBXResourcesBuildPhase;
			buildActionMask = 2147483647;
			files = (
				BABCFE8D2579BDDB00D8BC7A /* LaunchScreen.storyboard in Resources */,
				BABCFE8A2579BDDB00D8BC7A /* Assets.xcassets in Resources */,
			);
			runOnlyForDeploymentPostprocessing = 0;
		};
/* End PBXResourcesBuildPhase section */

/* Begin PBXSourcesBuildPhase section */
		BABCFE792579BDD800D8BC7A /* Sources */ = {
			isa = PBXSourcesBuildPhase;
			buildActionMask = 2147483647;
			files = (
				BA472B342581B125003DC07A /* CustomDataSourceViewModel.swift in Sources */,
				BABCFE812579BDD800D8BC7A /* AppDelegate.swift in Sources */,
				BA472AFD258081BC003DC07A /* ExamplesViewModel.swift in Sources */,
				BA472AFF258081BC003DC07A /* ExamplesSectionItem.swift in Sources */,
				BA472B632581CCF6003DC07A /* CustomDataSourceFactory.swift in Sources */,
				BA472B00258081BC003DC07A /* ExamplesCellItem.swift in Sources */,
				BA472B0625808418003DC07A /* ExamplesAssembly.swift in Sources */,
				BA472AFE258081BC003DC07A /* ExamplesViewController.swift in Sources */,
				BA472B5F2581CCC5003DC07A /* ExamplesFactory.swift in Sources */,
				BA472B3A2581B2A9003DC07A /* CustomDataSource.swift in Sources */,
				BA472B672581D054003DC07A /* TableViewFactory.swift in Sources */,
				BA472B2E2581B111003DC07A /* CustomDataSourceCellItem.swift in Sources */,
				BABCFE832579BDD800D8BC7A /* SceneDelegate.swift in Sources */,
				BA472B552581C1AC003DC07A /* ConfigurationHolder.swift in Sources */,
				BA472B462581B993003DC07A /* AnyServiceModel.swift in Sources */,
				BA472B2B2581B0F8003DC07A /* CustomDataSourceAssembly.swift in Sources */,
				BA472B592581C5A9003DC07A /* GenericContextTask.swift in Sources */,
				BA472B5C2581CA70003DC07A /* UIViewController.swift in Sources */,
				BA472B312581B11B003DC07A /* CustomDataSourceSection.swift in Sources */,
				BA472B422581B93D003DC07A /* AnyService.swift in Sources */,
				BABCFEAB2579C2E400D8BC7A /* UITableView.swift in Sources */,
				BA472B372581B137003DC07A /* CustomDataSourceViewController.swift in Sources */,
				BA472B4A2581BA5E003DC07A /* Analytics.swift in Sources */,
			);
			runOnlyForDeploymentPostprocessing = 0;
		};
/* End PBXSourcesBuildPhase section */

/* Begin PBXVariantGroup section */
		BABCFE8B2579BDDB00D8BC7A /* LaunchScreen.storyboard */ = {
			isa = PBXVariantGroup;
			children = (
				BABCFE8C2579BDDB00D8BC7A /* Base */,
			);
			name = LaunchScreen.storyboard;
			sourceTree = "<group>";
		};
/* End PBXVariantGroup section */

/* Begin XCBuildConfiguration section */
		BABCFE8F2579BDDB00D8BC7A /* Debug */ = {
			isa = XCBuildConfiguration;
			buildSettings = {
				ALWAYS_SEARCH_USER_PATHS = NO;
				CLANG_ANALYZER_NONNULL = YES;
				CLANG_ANALYZER_NUMBER_OBJECT_CONVERSION = YES_AGGRESSIVE;
				CLANG_CXX_LANGUAGE_STANDARD = "gnu++14";
				CLANG_CXX_LIBRARY = "libc++";
				CLANG_ENABLE_MODULES = YES;
				CLANG_ENABLE_OBJC_ARC = YES;
				CLANG_ENABLE_OBJC_WEAK = YES;
				CLANG_WARN_BLOCK_CAPTURE_AUTORELEASING = YES;
				CLANG_WARN_BOOL_CONVERSION = YES;
				CLANG_WARN_COMMA = YES;
				CLANG_WARN_CONSTANT_CONVERSION = YES;
				CLANG_WARN_DEPRECATED_OBJC_IMPLEMENTATIONS = YES;
				CLANG_WARN_DIRECT_OBJC_ISA_USAGE = YES_ERROR;
				CLANG_WARN_DOCUMENTATION_COMMENTS = YES;
				CLANG_WARN_EMPTY_BODY = YES;
				CLANG_WARN_ENUM_CONVERSION = YES;
				CLANG_WARN_INFINITE_RECURSION = YES;
				CLANG_WARN_INT_CONVERSION = YES;
				CLANG_WARN_NON_LITERAL_NULL_CONVERSION = YES;
				CLANG_WARN_OBJC_IMPLICIT_RETAIN_SELF = YES;
				CLANG_WARN_OBJC_LITERAL_CONVERSION = YES;
				CLANG_WARN_OBJC_ROOT_CLASS = YES_ERROR;
				CLANG_WARN_QUOTED_INCLUDE_IN_FRAMEWORK_HEADER = YES;
				CLANG_WARN_RANGE_LOOP_ANALYSIS = YES;
				CLANG_WARN_STRICT_PROTOTYPES = YES;
				CLANG_WARN_SUSPICIOUS_MOVE = YES;
				CLANG_WARN_UNGUARDED_AVAILABILITY = YES_AGGRESSIVE;
				CLANG_WARN_UNREACHABLE_CODE = YES;
				CLANG_WARN__DUPLICATE_METHOD_MATCH = YES;
				COPY_PHASE_STRIP = NO;
				DEBUG_INFORMATION_FORMAT = dwarf;
				ENABLE_STRICT_OBJC_MSGSEND = YES;
				ENABLE_TESTABILITY = YES;
				GCC_C_LANGUAGE_STANDARD = gnu11;
				GCC_DYNAMIC_NO_PIC = NO;
				GCC_NO_COMMON_BLOCKS = YES;
				GCC_OPTIMIZATION_LEVEL = 0;
				GCC_PREPROCESSOR_DEFINITIONS = (
					"DEBUG=1",
					"$(inherited)",
				);
				GCC_WARN_64_TO_32_BIT_CONVERSION = YES;
				GCC_WARN_ABOUT_RETURN_TYPE = YES_ERROR;
				GCC_WARN_UNDECLARED_SELECTOR = YES;
				GCC_WARN_UNINITIALIZED_AUTOS = YES_AGGRESSIVE;
				GCC_WARN_UNUSED_FUNCTION = YES;
				GCC_WARN_UNUSED_VARIABLE = YES;
				IPHONEOS_DEPLOYMENT_TARGET = 13.0;
				MTL_ENABLE_DEBUG_INFO = INCLUDE_SOURCE;
				MTL_FAST_MATH = YES;
				ONLY_ACTIVE_ARCH = YES;
				SDKROOT = iphoneos;
				SWIFT_ACTIVE_COMPILATION_CONDITIONS = DEBUG;
				SWIFT_OPTIMIZATION_LEVEL = "-Onone";
			};
			name = Debug;
		};
		BABCFE902579BDDB00D8BC7A /* Release */ = {
			isa = XCBuildConfiguration;
			buildSettings = {
				ALWAYS_SEARCH_USER_PATHS = NO;
				CLANG_ANALYZER_NONNULL = YES;
				CLANG_ANALYZER_NUMBER_OBJECT_CONVERSION = YES_AGGRESSIVE;
				CLANG_CXX_LANGUAGE_STANDARD = "gnu++14";
				CLANG_CXX_LIBRARY = "libc++";
				CLANG_ENABLE_MODULES = YES;
				CLANG_ENABLE_OBJC_ARC = YES;
				CLANG_ENABLE_OBJC_WEAK = YES;
				CLANG_WARN_BLOCK_CAPTURE_AUTORELEASING = YES;
				CLANG_WARN_BOOL_CONVERSION = YES;
				CLANG_WARN_COMMA = YES;
				CLANG_WARN_CONSTANT_CONVERSION = YES;
				CLANG_WARN_DEPRECATED_OBJC_IMPLEMENTATIONS = YES;
				CLANG_WARN_DIRECT_OBJC_ISA_USAGE = YES_ERROR;
				CLANG_WARN_DOCUMENTATION_COMMENTS = YES;
				CLANG_WARN_EMPTY_BODY = YES;
				CLANG_WARN_ENUM_CONVERSION = YES;
				CLANG_WARN_INFINITE_RECURSION = YES;
				CLANG_WARN_INT_CONVERSION = YES;
				CLANG_WARN_NON_LITERAL_NULL_CONVERSION = YES;
				CLANG_WARN_OBJC_IMPLICIT_RETAIN_SELF = YES;
				CLANG_WARN_OBJC_LITERAL_CONVERSION = YES;
				CLANG_WARN_OBJC_ROOT_CLASS = YES_ERROR;
				CLANG_WARN_QUOTED_INCLUDE_IN_FRAMEWORK_HEADER = YES;
				CLANG_WARN_RANGE_LOOP_ANALYSIS = YES;
				CLANG_WARN_STRICT_PROTOTYPES = YES;
				CLANG_WARN_SUSPICIOUS_MOVE = YES;
				CLANG_WARN_UNGUARDED_AVAILABILITY = YES_AGGRESSIVE;
				CLANG_WARN_UNREACHABLE_CODE = YES;
				CLANG_WARN__DUPLICATE_METHOD_MATCH = YES;
				COPY_PHASE_STRIP = NO;
				DEBUG_INFORMATION_FORMAT = "dwarf-with-dsym";
				ENABLE_NS_ASSERTIONS = NO;
				ENABLE_STRICT_OBJC_MSGSEND = YES;
				GCC_C_LANGUAGE_STANDARD = gnu11;
				GCC_NO_COMMON_BLOCKS = YES;
				GCC_WARN_64_TO_32_BIT_CONVERSION = YES;
				GCC_WARN_ABOUT_RETURN_TYPE = YES_ERROR;
				GCC_WARN_UNDECLARED_SELECTOR = YES;
				GCC_WARN_UNINITIALIZED_AUTOS = YES_AGGRESSIVE;
				GCC_WARN_UNUSED_FUNCTION = YES;
				GCC_WARN_UNUSED_VARIABLE = YES;
				IPHONEOS_DEPLOYMENT_TARGET = 13.0;
				MTL_ENABLE_DEBUG_INFO = NO;
				MTL_FAST_MATH = YES;
				SDKROOT = iphoneos;
				SWIFT_COMPILATION_MODE = wholemodule;
				SWIFT_OPTIMIZATION_LEVEL = "-O";
				VALIDATE_PRODUCT = YES;
			};
			name = Release;
		};
		BABCFE922579BDDB00D8BC7A /* Debug */ = {
			isa = XCBuildConfiguration;
			buildSettings = {
				ASSETCATALOG_COMPILER_APPICON_NAME = AppIcon;
				ASSETCATALOG_COMPILER_GLOBAL_ACCENT_COLOR_NAME = AccentColor;
				CODE_SIGN_STYLE = Automatic;
				DEVELOPMENT_ASSET_PATHS = "";
				DEVELOPMENT_TEAM = XBZ7Y27PRA;
				INFOPLIST_FILE = MVVMCombineImplementation/Resources/Info.plist;
				LD_RUNPATH_SEARCH_PATHS = (
					"$(inherited)",
					"@executable_path/Frameworks",
				);
				PRODUCT_BUNDLE_IDENTIFIER = com.ooodin.MVVMCombineImplementation;
				PRODUCT_NAME = "$(TARGET_NAME)";
				SWIFT_VERSION = 5.0;
				TARGETED_DEVICE_FAMILY = "1,2";
			};
			name = Debug;
		};
		BABCFE932579BDDB00D8BC7A /* Release */ = {
			isa = XCBuildConfiguration;
			buildSettings = {
				ASSETCATALOG_COMPILER_APPICON_NAME = AppIcon;
				ASSETCATALOG_COMPILER_GLOBAL_ACCENT_COLOR_NAME = AccentColor;
				CODE_SIGN_STYLE = Automatic;
				DEVELOPMENT_ASSET_PATHS = "";
				DEVELOPMENT_TEAM = XBZ7Y27PRA;
				INFOPLIST_FILE = MVVMCombineImplementation/Resources/Info.plist;
				LD_RUNPATH_SEARCH_PATHS = (
					"$(inherited)",
					"@executable_path/Frameworks",
				);
				PRODUCT_BUNDLE_IDENTIFIER = com.ooodin.MVVMCombineImplementation;
				PRODUCT_NAME = "$(TARGET_NAME)";
				SWIFT_VERSION = 5.0;
				TARGETED_DEVICE_FAMILY = "1,2";
			};
			name = Release;
		};
/* End XCBuildConfiguration section */

/* Begin XCConfigurationList section */
		BABCFE782579BDD800D8BC7A /* Build configuration list for PBXProject "MVVMCombineImplementation" */ = {
			isa = XCConfigurationList;
			buildConfigurations = (
				BABCFE8F2579BDDB00D8BC7A /* Debug */,
				BABCFE902579BDDB00D8BC7A /* Release */,
			);
			defaultConfigurationIsVisible = 0;
			defaultConfigurationName = Release;
		};
		BABCFE912579BDDB00D8BC7A /* Build configuration list for PBXNativeTarget "MVVMCombineImplementation" */ = {
			isa = XCConfigurationList;
			buildConfigurations = (
				BABCFE922579BDDB00D8BC7A /* Debug */,
				BABCFE932579BDDB00D8BC7A /* Release */,
			);
			defaultConfigurationIsVisible = 0;
			defaultConfigurationName = Release;
		};
/* End XCConfigurationList section */

/* Begin XCRemoteSwiftPackageReference section */
		BA472B4E2581C195003DC07A /* XCRemoteSwiftPackageReference "route-composer" */ = {
			isa = XCRemoteSwiftPackageReference;
			repositoryURL = "https://github.com/ekazaev/route-composer.git";
			requirement = {
				kind = upToNextMajorVersion;
				minimumVersion = 2.6.4;
			};
		};
/* End XCRemoteSwiftPackageReference section */

/* Begin XCSwiftPackageProductDependency section */
		BA472B1C258087A7003DC07A /* TableViewExample */ = {
			isa = XCSwiftPackageProductDependency;
			productName = TableViewExample;
		};
		BA472B4F2581C195003DC07A /* RouteComposerStatic */ = {
			isa = XCSwiftPackageProductDependency;
			package = BA472B4E2581C195003DC07A /* XCRemoteSwiftPackageReference "route-composer" */;
			productName = RouteComposerStatic;
		};
/* End XCSwiftPackageProductDependency section */
	};
	rootObject = BABCFE752579BDD800D8BC7A /* Project object */;
}
